
Microsoft Visual Studio Solution File, Format Version 12.00
# Visual Studio 15
VisualStudioVersion = 15.0.28307.421
MinimumVisualStudioVersion = 10.0.40219.1
Project("{FAE04EC0-301F-11D3-BF4B-00C04F79EFBC}") = "poeTeste", "poeTeste\poeTeste.csproj", "{2A5110E6-7575-4940-B236-BDA562B6F86B}"
EndProject
Global
	GlobalSection(SolutionConfigurationPlatforms) = preSolution
		Debug|Any CPU = Debug|Any CPU
		Release|Any CPU = Release|Any CPU
	EndGlobalSection
	GlobalSection(ProjectConfigurationPlatforms) = postSolution
		{2A5110E6-7575-4940-B236-BDA562B6F86B}.Debug|Any CPU.ActiveCfg = Debug|Any CPU
		{2A5110E6-7575-4940-B236-BDA562B6F86B}.Debug|Any CPU.Build.0 = Debug|Any CPU
		{2A5110E6-7575-4940-B236-BDA562B6F86B}.Release|Any CPU.ActiveCfg = Release|Any CPU
		{2A5110E6-7575-4940-B236-BDA562B6F86B}.Release|Any CPU.Build.0 = Release|Any CPU
	EndGlobalSection
	GlobalSection(SolutionProperties) = preSolution
		HideSolutionNode = FALSE
	EndGlobalSection
	GlobalSection(ExtensibilityGlobals) = postSolution
		SolutionGuid = {F1BF7E11-4225-4C82-A370-93F3F687C9A7}
	EndGlobalSection
EndGlobal
